
Microsoft Visual Studio Solution File, Format Version 12.00
# Visual Studio 15
VisualStudioVersion = 15.0.27004.2005
MinimumVisualStudioVersion = 10.0.40219.1
Project("{FAE04EC0-301F-11D3-BF4B-00C04F79EFBC}") = "KD.Linq", "KD.Linq\KD.Linq.csproj", "{3B4D83B5-AABA-483D-BAAC-C2C4D5D0AD9E}"
EndProject
Project("{FAE04EC0-301F-11D3-BF4B-00C04F79EFBC}") = "Tests", "Tests\Tests.csproj", "{F3E40302-F1ED-41D4-87C6-F397A96446C4}"
EndProject
Global
	GlobalSection(SolutionConfigurationPlatforms) = preSolution
		Debug|Any CPU = Debug|Any CPU
		Release|Any CPU = Release|Any CPU
	EndGlobalSection
	GlobalSection(ProjectConfigurationPlatforms) = postSolution
		{3B4D83B5-AABA-483D-BAAC-C2C4D5D0AD9E}.Debug|Any CPU.ActiveCfg = Debug|Any CPU
		{3B4D83B5-AABA-483D-BAAC-C2C4D5D0AD9E}.Debug|Any CPU.Build.0 = Debug|Any CPU
		{3B4D83B5-AABA-483D-BAAC-C2C4D5D0AD9E}.Release|Any CPU.ActiveCfg = Release|Any CPU
		{3B4D83B5-AABA-483D-BAAC-C2C4D5D0AD9E}.Release|Any CPU.Build.0 = Release|Any CPU
		{F3E40302-F1ED-41D4-87C6-F397A96446C4}.Debug|Any CPU.ActiveCfg = Debug|Any CPU
		{F3E40302-F1ED-41D4-87C6-F397A96446C4}.Debug|Any CPU.Build.0 = Debug|Any CPU
		{F3E40302-F1ED-41D4-87C6-F397A96446C4}.Release|Any CPU.ActiveCfg = Release|Any CPU
		{F3E40302-F1ED-41D4-87C6-F397A96446C4}.Release|Any CPU.Build.0 = Release|Any CPU
	EndGlobalSection
	GlobalSection(SolutionProperties) = preSolution
		HideSolutionNode = FALSE
	EndGlobalSection
	GlobalSection(ExtensibilityGlobals) = postSolution
		SolutionGuid = {27F4C33A-5D13-4777-A2CC-48DF48ACAEC4}
	EndGlobalSection
EndGlobal
